// !$*UTF8*$!
{
	archiveVersion = 1;
	classes = {
	};
	objectVersion = 46;
	objects = {

/* Begin PBXBuildFile section */
		9A3EFD951D65CCBE00F6FB68 /* AppDelegate.swift in Sources */ = {isa = PBXBuildFile; fileRef = 9A3EFD941D65CCBE00F6FB68 /* AppDelegate.swift */; };
		9A3EFD971D65CCBE00F6FB68 /* ViewController.swift in Sources */ = {isa = PBXBuildFile; fileRef = 9A3EFD961D65CCBE00F6FB68 /* ViewController.swift */; };
		9A3EFD9A1D65CCBE00F6FB68 /* Main.storyboard in Resources */ = {isa = PBXBuildFile; fileRef = 9A3EFD981D65CCBE00F6FB68 /* Main.storyboard */; };
		9A3EFD9C1D65CCBE00F6FB68 /* Assets.xcassets in Resources */ = {isa = PBXBuildFile; fileRef = 9A3EFD9B1D65CCBE00F6FB68 /* Assets.xcassets */; };
		9A3EFD9F1D65CCBE00F6FB68 /* LaunchScreen.storyboard in Resources */ = {isa = PBXBuildFile; fileRef = 9A3EFD9D1D65CCBE00F6FB68 /* LaunchScreen.storyboard */; };
		9A3EFDA81D65CCD600F6FB68 /* Post.swift in Sources */ = {isa = PBXBuildFile; fileRef = 9A3EFDA71D65CCD600F6FB68 /* Post.swift */; };
		9A3EFDAB1D65DAF400F6FB68 /* PostCell.swift in Sources */ = {isa = PBXBuildFile; fileRef = 9A3EFDAA1D65DAF400F6FB68 /* PostCell.swift */; };
		9A3EFDAE1D65E49F00F6FB68 /* AddPostVC.swift in Sources */ = {isa = PBXBuildFile; fileRef = 9A3EFDAD1D65E49F00F6FB68 /* AddPostVC.swift */; };
/* End PBXBuildFile section */

/* Begin PBXFileReference section */
		9A3EFD911D65CCBE00F6FB68 /* My-Hood.app */ = {isa = PBXFileReference; explicitFileType = wrapper.application; includeInIndex = 0; path = "My-Hood.app"; sourceTree = BUILT_PRODUCTS_DIR; };
		9A3EFD941D65CCBE00F6FB68 /* AppDelegate.swift */ = {isa = PBXFileReference; lastKnownFileType = sourcecode.swift; path = AppDelegate.swift; sourceTree = "<group>"; };
		9A3EFD961D65CCBE00F6FB68 /* ViewController.swift */ = {isa = PBXFileReference; lastKnownFileType = sourcecode.swift; path = ViewController.swift; sourceTree = "<group>"; };
		9A3EFD991D65CCBE00F6FB68 /* Base */ = {isa = PBXFileReference; lastKnownFileType = file.storyboard; name = Base; path = Base.lproj/Main.storyboard; sourceTree = "<group>"; };
		9A3EFD9B1D65CCBE00F6FB68 /* Assets.xcassets */ = {isa = PBXFileReference; lastKnownFileType = folder.assetcatalog; path = Assets.xcassets; sourceTree = "<group>"; };
		9A3EFD9E1D65CCBE00F6FB68 /* Base */ = {isa = PBXFileReference; lastKnownFileType = file.storyboard; name = Base; path = Base.lproj/LaunchScreen.storyboard; sourceTree = "<group>"; };
		9A3EFDA01D65CCBE00F6FB68 /* Info.plist */ = {isa = PBXFileReference; lastKnownFileType = text.plist.xml; path = Info.plist; sourceTree = "<group>"; };
		9A3EFDA71D65CCD600F6FB68 /* Post.swift */ = {isa = PBXFileReference; fileEncoding = 4; lastKnownFileType = sourcecode.swift; path = Post.swift; sourceTree = "<group>"; };
		9A3EFDAA1D65DAF400F6FB68 /* PostCell.swift */ = {isa = PBXFileReference; fileEncoding = 4; lastKnownFileType = sourcecode.swift; path = PostCell.swift; sourceTree = "<group>"; };
		9A3EFDAD1D65E49F00F6FB68 /* AddPostVC.swift */ = {isa = PBXFileReference; fileEncoding = 4; lastKnownFileType = sourcecode.swift; path = AddPostVC.swift; sourceTree = "<group>"; };
/* End PBXFileReference section */

/* Begin PBXFrameworksBuildPhase section */
		9A3EFD8E1D65CCBE00F6FB68 /* Frameworks */ = {
			isa = PBXFrameworksBuildPhase;
			buildActionMask = 2147483647;
			files = (
			);
			runOnlyForDeploymentPostprocessing = 0;
		};
/* End PBXFrameworksBuildPhase section */

/* Begin PBXGroup section */
		9A3EFD881D65CCBE00F6FB68 = {
			isa = PBXGroup;
			children = (
				9A3EFD931D65CCBE00F6FB68 /* My-Hood */,
				9A3EFD921D65CCBE00F6FB68 /* Products */,
			);
			sourceTree = "<group>";
		};
		9A3EFD921D65CCBE00F6FB68 /* Products */ = {
			isa = PBXGroup;
			children = (
				9A3EFD911D65CCBE00F6FB68 /* My-Hood.app */,
			);
			name = Products;
			sourceTree = "<group>";
		};
		9A3EFD931D65CCBE00F6FB68 /* My-Hood */ = {
			isa = PBXGroup;
			children = (
				9A3EFDAC1D65E44A00F6FB68 /* controller */,
				9A3EFDA91D65DABF00F6FB68 /* view */,
				9A3EFDA61D65CCC400F6FB68 /* model */,
				9A3EFD941D65CCBE00F6FB68 /* AppDelegate.swift */,
				9A3EFD9B1D65CCBE00F6FB68 /* Assets.xcassets */,
				9A3EFDA01D65CCBE00F6FB68 /* Info.plist */,
			);
			path = "My-Hood";
			sourceTree = "<group>";
		};
		9A3EFDA61D65CCC400F6FB68 /* model */ = {
			isa = PBXGroup;
			children = (
				9A3EFDA71D65CCD600F6FB68 /* Post.swift */,
			);
			name = model;
			sourceTree = "<group>";
		};
		9A3EFDA91D65DABF00F6FB68 /* view */ = {
			isa = PBXGroup;
			children = (
				9A3EFD9D1D65CCBE00F6FB68 /* LaunchScreen.storyboard */,
				9A3EFD981D65CCBE00F6FB68 /* Main.storyboard */,
				9A3EFDAA1D65DAF400F6FB68 /* PostCell.swift */,
			);
			name = view;
			sourceTree = "<group>";
		};
		9A3EFDAC1D65E44A00F6FB68 /* controller */ = {
			isa = PBXGroup;
			children = (
				9A3EFD961D65CCBE00F6FB68 /* ViewController.swift */,
				9A3EFDAD1D65E49F00F6FB68 /* AddPostVC.swift */,
			);
			name = controller;
			sourceTree = "<group>";
		};
/* End PBXGroup section */

/* Begin PBXNativeTarget section */
		9A3EFD901D65CCBE00F6FB68 /* My-Hood */ = {
			isa = PBXNativeTarget;
			buildConfigurationList = 9A3EFDA31D65CCBE00F6FB68 /* Build configuration list for PBXNativeTarget "My-Hood" */;
			buildPhases = (
				9A3EFD8D1D65CCBE00F6FB68 /* Sources */,
				9A3EFD8E1D65CCBE00F6FB68 /* Frameworks */,
				9A3EFD8F1D65CCBE00F6FB68 /* Resources */,
			);
			buildRules = (
			);
			dependencies = (
			);
			name = "My-Hood";
			productName = "My-Hood";
			productReference = 9A3EFD911D65CCBE00F6FB68 /* My-Hood.app */;
			productType = "com.apple.product-type.application";
		};
/* End PBXNativeTarget section */

/* Begin PBXProject section */
		9A3EFD891D65CCBE00F6FB68 /* Project object */ = {
			isa = PBXProject;
			attributes = {
				LastSwiftUpdateCheck = 0730;
				LastUpgradeCheck = 0730;
				ORGANIZATIONNAME = "李宝明";
				TargetAttributes = {
					9A3EFD901D65CCBE00F6FB68 = {
						CreatedOnToolsVersion = 7.3.1;
					};
				};
			};
			buildConfigurationList = 9A3EFD8C1D65CCBE00F6FB68 /* Build configuration list for PBXProject "My-Hood" */;
			compatibilityVersion = "Xcode 3.2";
			developmentRegion = English;
			hasScannedForEncodings = 0;
			knownRegions = (
				en,
				Base,
			);
			mainGroup = 9A3EFD881D65CCBE00F6FB68;
			productRefGroup = 9A3EFD921D65CCBE00F6FB68 /* Products */;
			projectDirPath = "";
			projectRoot = "";
			targets = (
				9A3EFD901D65CCBE00F6FB68 /* My-Hood */,
			);
		};
/* End PBXProject section */

/* Begin PBXResourcesBuildPhase section */
		9A3EFD8F1D65CCBE00F6FB68 /* Resources */ = {
			isa = PBXResourcesBuildPhase;
			buildActionMask = 2147483647;
			files = (
				9A3EFD9F1D65CCBE00F6FB68 /* LaunchScreen.storyboard in Resources */,
				9A3EFD9C1D65CCBE00F6FB68 /* Assets.xcassets in Resources */,
				9A3EFD9A1D65CCBE00F6FB68 /* Main.storyboard in Resources */,
			);
			runOnlyForDeploymentPostprocessing = 0;
		};
/* End PBXResourcesBuildPhase section */

/* Begin PBXSourcesBuildPhase section */
		9A3EFD8D1D65CCBE00F6FB68 /* Sources */ = {
			isa = PBXSourcesBuildPhase;
			buildActionMask = 2147483647;
			files = (
				9A3EFDA81D65CCD600F6FB68 /* Post.swift in Sources */,
				9A3EFD971D65CCBE00F6FB68 /* ViewController.swift in Sources */,
				9A3EFDAE1D65E49F00F6FB68 /* AddPostVC.swift in Sources */,
				9A3EFD951D65CCBE00F6FB68 /* AppDelegate.swift in Sources */,
				9A3EFDAB1D65DAF400F6FB68 /* PostCell.swift in Sources */,
			);
			runOnlyForDeploymentPostprocessing = 0;
		};
/* End PBXSourcesBuildPhase section */

/* Begin PBXVariantGroup section */
		9A3EFD981D65CCBE00F6FB68 /* Main.storyboard */ = {
			isa = PBXVariantGroup;
			children = (
				9A3EFD991D65CCBE00F6FB68 /* Base */,
			);
			name = Main.storyboard;
			sourceTree = "<group>";
		};
		9A3EFD9D1D65CCBE00F6FB68 /* LaunchScreen.storyboard */ = {
			isa = PBXVariantGroup;
			children = (
				9A3EFD9E1D65CCBE00F6FB68 /* Base */,
			);
			name = LaunchScreen.storyboard;
			sourceTree = "<group>";
		};
/* End PBXVariantGroup section */

/* Begin XCBuildConfiguration section */
		9A3EFDA11D65CCBE00F6FB68 /* Debug */ = {
			isa = XCBuildConfiguration;
			buildSettings = {
				ALWAYS_SEARCH_USER_PATHS = NO;
				CLANG_ANALYZER_NONNULL = YES;
				CLANG_CXX_LANGUAGE_STANDARD = "gnu++0x";
				CLANG_CXX_LIBRARY = "libc++";
				CLANG_ENABLE_MODULES = YES;
				CLANG_ENABLE_OBJC_ARC = YES;
				CLANG_WARN_BOOL_CONVERSION = YES;
				CLANG_WARN_CONSTANT_CONVERSION = YES;
				CLANG_WARN_DIRECT_OBJC_ISA_USAGE = YES_ERROR;
				CLANG_WARN_EMPTY_BODY = YES;
				CLANG_WARN_ENUM_CONVERSION = YES;
				CLANG_WARN_INT_CONVERSION = YES;
				CLANG_WARN_OBJC_ROOT_CLASS = YES_ERROR;
				CLANG_WARN_UNREACHABLE_CODE = YES;
				CLANG_WARN__DUPLICATE_METHOD_MATCH = YES;
				"CODE_SIGN_IDENTITY[sdk=iphoneos*]" = "iPhone Developer";
				COPY_PHASE_STRIP = NO;
				DEBUG_INFORMATION_FORMAT = dwarf;
				ENABLE_STRICT_OBJC_MSGSEND = YES;
				ENABLE_TESTABILITY = YES;
				GCC_C_LANGUAGE_STANDARD = gnu99;
				GCC_DYNAMIC_NO_PIC = NO;
				GCC_NO_COMMON_BLOCKS = YES;
				GCC_OPTIMIZATION_LEVEL = 0;
				GCC_PREPROCESSOR_DEFINITIONS = (
					"DEBUG=1",
					"$(inherited)",
				);
				GCC_WARN_64_TO_32_BIT_CONVERSION = YES;
				GCC_WARN_ABOUT_RETURN_TYPE = YES_ERROR;
				GCC_WARN_UNDECLARED_SELECTOR = YES;
				GCC_WARN_UNINITIALIZED_AUTOS = YES_AGGRESSIVE;
				GCC_WARN_UNUSED_FUNCTION = YES;
				GCC_WARN_UNUSED_VARIABLE = YES;
				IPHONEOS_DEPLOYMENT_TARGET = 9.3;
				MTL_ENABLE_DEBUG_INFO = YES;
				ONLY_ACTIVE_ARCH = YES;
				SDKROOT = iphoneos;
				SWIFT_OPTIMIZATION_LEVEL = "-Onone";
			};
			name = Debug;
		};
		9A3EFDA21D65CCBE00F6FB68 /* Release */ = {
			isa = XCBuildConfiguration;
			buildSettings = {
				ALWAYS_SEARCH_USER_PATHS = NO;
				CLANG_ANALYZER_NONNULL = YES;
				CLANG_CXX_LANGUAGE_STANDARD = "gnu++0x";
				CLANG_CXX_LIBRARY = "libc++";
				CLANG_ENABLE_MODULES = YES;
				CLANG_ENABLE_OBJC_ARC = YES;
				CLANG_WARN_BOOL_CONVERSION = YES;
				CLANG_WARN_CONSTANT_CONVERSION = YES;
				CLANG_WARN_DIRECT_OBJC_ISA_USAGE = YES_ERROR;
				CLANG_WARN_EMPTY_BODY = YES;
				CLANG_WARN_ENUM_CONVERSION = YES;
				CLANG_WARN_INT_CONVERSION = YES;
				CLANG_WARN_OBJC_ROOT_CLASS = YES_ERROR;
				CLANG_WARN_UNREACHABLE_CODE = YES;
				CLANG_WARN__DUPLICATE_METHOD_MATCH = YES;
				"CODE_SIGN_IDENTITY[sdk=iphoneos*]" = "iPhone Developer";
				COPY_PHASE_STRIP = NO;
				DEBUG_INFORMATION_FORMAT = "dwarf-with-dsym";
				ENABLE_NS_ASSERTIONS = NO;
				ENABLE_STRICT_OBJC_MSGSEND = YES;
				GCC_C_LANGUAGE_STANDARD = gnu99;
				GCC_NO_COMMON_BLOCKS = YES;
				GCC_WARN_64_TO_32_BIT_CONVERSION = YES;
				GCC_WARN_ABOUT_RETURN_TYPE = YES_ERROR;
				GCC_WARN_UNDECLARED_SELECTOR = YES;
				GCC_WARN_UNINITIALIZED_AUTOS = YES_AGGRESSIVE;
				GCC_WARN_UNUSED_FUNCTION = YES;
				GCC_WARN_UNUSED_VARIABLE = YES;
				IPHONEOS_DEPLOYMENT_TARGET = 9.3;
				MTL_ENABLE_DEBUG_INFO = NO;
				SDKROOT = iphoneos;
				VALIDATE_PRODUCT = YES;
			};
			name = Release;
		};
		9A3EFDA41D65CCBE00F6FB68 /* Debug */ = {
			isa = XCBuildConfiguration;
			buildSettings = {
				ASSETCATALOG_COMPILER_APPICON_NAME = AppIcon;
				INFOPLIST_FILE = "My-Hood/Info.plist";
				LD_RUNPATH_SEARCH_PATHS = "$(inherited) @executable_path/Frameworks";
				PRODUCT_BUNDLE_IDENTIFIER = "com.libaoming.My-Hood";
				PRODUCT_NAME = "$(TARGET_NAME)";
			};
			name = Debug;
		};
		9A3EFDA51D65CCBE00F6FB68 /* Release */ = {
			isa = XCBuildConfiguration;
			buildSettings = {
				ASSETCATALOG_COMPILER_APPICON_NAME = AppIcon;
				INFOPLIST_FILE = "My-Hood/Info.plist";
				LD_RUNPATH_SEARCH_PATHS = "$(inherited) @executable_path/Frameworks";
				PRODUCT_BUNDLE_IDENTIFIER = "com.libaoming.My-Hood";
				PRODUCT_NAME = "$(TARGET_NAME)";
			};
			name = Release;
		};
/* End XCBuildConfiguration section */

/* Begin XCConfigurationList section */
		9A3EFD8C1D65CCBE00F6FB68 /* Build configuration list for PBXProject "My-Hood" */ = {
			isa = XCConfigurationList;
			buildConfigurations = (
				9A3EFDA11D65CCBE00F6FB68 /* Debug */,
				9A3EFDA21D65CCBE00F6FB68 /* Release */,
			);
			defaultConfigurationIsVisible = 0;
			defaultConfigurationName = Release;
		};
		9A3EFDA31D65CCBE00F6FB68 /* Build configuration list for PBXNativeTarget "My-Hood" */ = {
			isa = XCConfigurationList;
			buildConfigurations = (
				9A3EFDA41D65CCBE00F6FB68 /* Debug */,
				9A3EFDA51D65CCBE00F6FB68 /* Release */,
			);
			defaultConfigurationIsVisible = 0;
		};
/* End XCConfigurationList section */
	};
	rootObject = 9A3EFD891D65CCBE00F6FB68 /* Project object */;
}
